
Microsoft Visual Studio Solution File, Format Version 12.00
# Visual Studio Version 16
VisualStudioVersion = 16.0.30204.135
MinimumVisualStudioVersion = 10.0.40219.1
Project("{FAE04EC0-301F-11D3-BF4B-00C04F79EFBC}") = "PortScanner3", "PortScanner3.csproj", "{F8A0FCD9-619B-4266-9D31-D9B07B1CB607}"
EndProject
Global
	GlobalSection(SolutionConfigurationPlatforms) = preSolution
		Debug|Any CPU = Debug|Any CPU
		Release|Any CPU = Release|Any CPU
	EndGlobalSection
	GlobalSection(ProjectConfigurationPlatforms) = postSolution
		{F8A0FCD9-619B-4266-9D31-D9B07B1CB607}.Debug|Any CPU.ActiveCfg = Debug|Any CPU
		{F8A0FCD9-619B-4266-9D31-D9B07B1CB607}.Debug|Any CPU.Build.0 = Debug|Any CPU
		{F8A0FCD9-619B-4266-9D31-D9B07B1CB607}.Release|Any CPU.ActiveCfg = Release|Any CPU
		{F8A0FCD9-619B-4266-9D31-D9B07B1CB607}.Release|Any CPU.Build.0 = Release|Any CPU
	EndGlobalSection
	GlobalSection(SolutionProperties) = preSolution
		HideSolutionNode = FALSE
	EndGlobalSection
	GlobalSection(ExtensibilityGlobals) = postSolution
		SolutionGuid = {623EB46F-90A0-4C01-BB2D-24F3A46F9C76}
	EndGlobalSection
EndGlobal
